
Microsoft Visual Studio Solution File, Format Version 12.00
# Visual Studio Version 16
VisualStudioVersion = 16.0.29411.108
MinimumVisualStudioVersion = 10.0.40219.1
Project("{9A19103F-16F7-4668-BE54-9A1E7A4F7556}") = "FileBarrier.UnitTest", "FileBarrier.UnitTest.csproj", "{1A902C67-C14B-47FB-AF3A-0ACEBE4112DB}"
EndProject
Global
	GlobalSection(SolutionConfigurationPlatforms) = preSolution
		Debug|Any CPU = Debug|Any CPU
		Release|Any CPU = Release|Any CPU
	EndGlobalSection
	GlobalSection(ProjectConfigurationPlatforms) = postSolution
		{1A902C67-C14B-47FB-AF3A-0ACEBE4112DB}.Debug|Any CPU.ActiveCfg = Debug|Any CPU
		{1A902C67-C14B-47FB-AF3A-0ACEBE4112DB}.Debug|Any CPU.Build.0 = Debug|Any CPU
		{1A902C67-C14B-47FB-AF3A-0ACEBE4112DB}.Release|Any CPU.ActiveCfg = Release|Any CPU
		{1A902C67-C14B-47FB-AF3A-0ACEBE4112DB}.Release|Any CPU.Build.0 = Release|Any CPU
	EndGlobalSection
	GlobalSection(SolutionProperties) = preSolution
		HideSolutionNode = FALSE
	EndGlobalSection
	GlobalSection(ExtensibilityGlobals) = postSolution
		SolutionGuid = {EDF68356-B536-48AE-A190-4F511D5C962E}
	EndGlobalSection
EndGlobal
